
Microsoft Visual Studio Solution File, Format Version 12.00
# Visual Studio Version 16
VisualStudioVersion = 16.0.30907.101
MinimumVisualStudioVersion = 10.0.40219.1
Project("{FAE04EC0-301F-11D3-BF4B-00C04F79EFBC}") = "DNSR", "DNSR\DNSR.csproj", "{BEBE64D1-4F3C-44EB-912E-34D4C33FD5B6}"
EndProject
Global
	GlobalSection(SolutionConfigurationPlatforms) = preSolution
		Debug|Any CPU = Debug|Any CPU
		Release|Any CPU = Release|Any CPU
	EndGlobalSection
	GlobalSection(ProjectConfigurationPlatforms) = postSolution
		{BEBE64D1-4F3C-44EB-912E-34D4C33FD5B6}.Debug|Any CPU.ActiveCfg = Debug|Any CPU
		{BEBE64D1-4F3C-44EB-912E-34D4C33FD5B6}.Debug|Any CPU.Build.0 = Debug|Any CPU
		{BEBE64D1-4F3C-44EB-912E-34D4C33FD5B6}.Release|Any CPU.ActiveCfg = Release|Any CPU
		{BEBE64D1-4F3C-44EB-912E-34D4C33FD5B6}.Release|Any CPU.Build.0 = Release|Any CPU
	EndGlobalSection
	GlobalSection(SolutionProperties) = preSolution
		HideSolutionNode = FALSE
	EndGlobalSection
	GlobalSection(ExtensibilityGlobals) = postSolution
		SolutionGuid = {E2BB583D-B3D8-4498-9699-BB189D2D3534}
	EndGlobalSection
EndGlobal
